
Microsoft Visual Studio Solution File, Format Version 12.00
# Visual Studio Version 16
VisualStudioVersion = 16.0.30517.126
MinimumVisualStudioVersion = 10.0.40219.1
Project("{FAE04EC0-301F-11D3-BF4B-00C04F79EFBC}") = "HotelReservation", "HotelReservation\HotelReservation.csproj", "{243EB176-A2D6-4CB6-8F2D-974BD222318E}"
EndProject
Project("{FAE04EC0-301F-11D3-BF4B-00C04F79EFBC}") = "HotelReservationTest", "HotelReservationTest\HotelReservationTest.csproj", "{C664FAAD-8747-4590-AEF1-0D01C6C6A46C}"
EndProject
Global
	GlobalSection(SolutionConfigurationPlatforms) = preSolution
		Debug|Any CPU = Debug|Any CPU
		Release|Any CPU = Release|Any CPU
	EndGlobalSection
	GlobalSection(ProjectConfigurationPlatforms) = postSolution
		{243EB176-A2D6-4CB6-8F2D-974BD222318E}.Debug|Any CPU.ActiveCfg = Debug|Any CPU
		{243EB176-A2D6-4CB6-8F2D-974BD222318E}.Debug|Any CPU.Build.0 = Debug|Any CPU
		{243EB176-A2D6-4CB6-8F2D-974BD222318E}.Release|Any CPU.ActiveCfg = Release|Any CPU
		{243EB176-A2D6-4CB6-8F2D-974BD222318E}.Release|Any CPU.Build.0 = Release|Any CPU
		{C664FAAD-8747-4590-AEF1-0D01C6C6A46C}.Debug|Any CPU.ActiveCfg = Debug|Any CPU
		{C664FAAD-8747-4590-AEF1-0D01C6C6A46C}.Debug|Any CPU.Build.0 = Debug|Any CPU
		{C664FAAD-8747-4590-AEF1-0D01C6C6A46C}.Release|Any CPU.ActiveCfg = Release|Any CPU
		{C664FAAD-8747-4590-AEF1-0D01C6C6A46C}.Release|Any CPU.Build.0 = Release|Any CPU
	EndGlobalSection
	GlobalSection(SolutionProperties) = preSolution
		HideSolutionNode = FALSE
	EndGlobalSection
	GlobalSection(ExtensibilityGlobals) = postSolution
		SolutionGuid = {17DC537C-DD40-4D16-BEDD-E6553E3C9C07}
	EndGlobalSection
EndGlobal
